
Microsoft Visual Studio Solution File, Format Version 12.00
# Visual Studio Version 16
VisualStudioVersion = 16.0.29009.5
MinimumVisualStudioVersion = 10.0.40219.1
Project("{FAE04EC0-301F-11D3-BF4B-00C04F79EFBC}") = "MyCarServicesFinal", "MyCarServicesFinal\MyCarServicesFinal.csproj", "{D1ED8FDB-BED5-4156-9E41-1ED5CCFA6E5A}"
EndProject
Global
	GlobalSection(SolutionConfigurationPlatforms) = preSolution
		Debug|Any CPU = Debug|Any CPU
		Release|Any CPU = Release|Any CPU
	EndGlobalSection
	GlobalSection(ProjectConfigurationPlatforms) = postSolution
		{D1ED8FDB-BED5-4156-9E41-1ED5CCFA6E5A}.Debug|Any CPU.ActiveCfg = Debug|Any CPU
		{D1ED8FDB-BED5-4156-9E41-1ED5CCFA6E5A}.Debug|Any CPU.Build.0 = Debug|Any CPU
		{D1ED8FDB-BED5-4156-9E41-1ED5CCFA6E5A}.Release|Any CPU.ActiveCfg = Release|Any CPU
		{D1ED8FDB-BED5-4156-9E41-1ED5CCFA6E5A}.Release|Any CPU.Build.0 = Release|Any CPU
	EndGlobalSection
	GlobalSection(SolutionProperties) = preSolution
		HideSolutionNode = FALSE
	EndGlobalSection
	GlobalSection(ExtensibilityGlobals) = postSolution
		SolutionGuid = {0989012D-167D-41D5-8533-FD3526A4BC1C}
	EndGlobalSection
EndGlobal
